{
  "name": "basic",
  "version": "1.0.0",
  "lockfileVersion": 1,
  "requires": true,
  "dependencies": {
    "a2r": {
      "version": "0.1.19",
      "resolved": "https://registry.npmjs.org/a2r/-/a2r-0.1.19.tgz",
      "integrity": "sha512-7NLEczcgpo/HKMNZ6PWxupK8eugJ6BZx5nvpXdee8cLQGtqATnC480XZlo++5Fw6BMKf+JmZtljOjygKEhoe0A==",
      "requires": {
        "typescript": "^3.5.3"
      }
    },
    "typescript": {
      "version": "3.5.3",
      "resolved": "https://registry.npmjs.org/typescript/-/typescript-3.5.3.tgz",
      "integrity": "sha512-ACzBtm/PhXBDId6a6sDJfroT2pOWt/oOnk4/dElG5G33ZL776N3Y6/6bKZJBFpd+b05F3Ct9qDjMeJmRWtE2/g=="
    }
  }
}
