{
  "name": "basic",
  "version": "1.0.0",
  "lockfileVersion": 1,
  "requires": true,
  "dependencies": {
    "a2r": {
      "version": "0.1.16",
      "resolved": "https://registry.npmjs.org/a2r/-/a2r-0.1.16.tgz",
      "integrity": "sha512-yqDyo+lwGNkzEklMKH87XdGJdiN5p6RaTbe5yH/KMa2Lju7YQeI5x30yDK+DUPLRMrHSc62idEmntxu41qi2lw==",
      "requires": {
        "typescript": "^3.5.3"
      }
    },
    "typescript": {
      "version": "3.5.3",
      "resolved": "https://registry.npmjs.org/typescript/-/typescript-3.5.3.tgz",
      "integrity": "sha512-ACzBtm/PhXBDId6a6sDJfroT2pOWt/oOnk4/dElG5G33ZL776N3Y6/6bKZJBFpd+b05F3Ct9qDjMeJmRWtE2/g=="
    }
  }
}
