{
  "name": "basic",
  "version": "1.0.0",
  "lockfileVersion": 1,
  "requires": true,
  "dependencies": {
    "a2r": {
      "version": "0.1.20",
      "resolved": "https://registry.npmjs.org/a2r/-/a2r-0.1.20.tgz",
      "integrity": "sha512-pfiZx++xqlYFDWUb4Jq+WFY7kuzwOpL9Pu0pwJBR5tS9Ks/kFdFO5RrhoZ/jHGgdWG/sZYv0gt+HMG4MEvU4LA==",
      "requires": {
        "typescript": "^3.5.3"
      }
    },
    "typescript": {
      "version": "3.5.3",
      "resolved": "https://registry.npmjs.org/typescript/-/typescript-3.5.3.tgz",
      "integrity": "sha512-ACzBtm/PhXBDId6a6sDJfroT2pOWt/oOnk4/dElG5G33ZL776N3Y6/6bKZJBFpd+b05F3Ct9qDjMeJmRWtE2/g=="
    }
  }
}
